
Microsoft Visual Studio Solution File, Format Version 12.00
# Visual Studio Version 17
Project("{8BC9CEB8-8B4A-11D0-8D11-00A0C91BC942}") = "ALL_BUILD", "ALL_BUILD.vcxproj", "{CBC7D7C4-E51B-3FFB-8CB7-FD8E2D9FA4D1}"
	ProjectSection(ProjectDependencies) = postProject
		{03050939-3AA0-39E3-A68C-A51FCA6C1AFF} = {03050939-3AA0-39E3-A68C-A51FCA6C1AFF}
		{06326447-A1C6-3847-88F0-DACE8224C8C4} = {06326447-A1C6-3847-88F0-DACE8224C8C4}
		{1E38D571-6FAB-395D-9EB8-2785908BC312} = {1E38D571-6FAB-395D-9EB8-2785908BC312}
		{F357AB26-3354-34DB-BC30-0849DDAEAD1C} = {F357AB26-3354-34DB-BC30-0849DDAEAD1C}
	EndProjectSection
EndProject
Project("{8BC9CEB8-8B4A-11D0-8D11-00A0C91BC942}") = "RUN_TESTS", "RUN_TESTS.vcxproj", "{AEDAA5AC-B03E-3511-A433-1CFB0E72FC4D}"
	ProjectSection(ProjectDependencies) = postProject
		{03050939-3AA0-39E3-A68C-A51FCA6C1AFF} = {03050939-3AA0-39E3-A68C-A51FCA6C1AFF}
	EndProjectSection
EndProject
Project("{8BC9CEB8-8B4A-11D0-8D11-00A0C91BC942}") = "ZERO_CHECK", "ZERO_CHECK.vcxproj", "{03050939-3AA0-39E3-A68C-A51FCA6C1AFF}"
	ProjectSection(ProjectDependencies) = postProject
	EndProjectSection
EndProject
Project("{8BC9CEB8-8B4A-11D0-8D11-00A0C91BC942}") = "libtorch_module_contract_tests", "libtorch_module_contract_tests.vcxproj", "{06326447-A1C6-3847-88F0-DACE8224C8C4}"
	ProjectSection(ProjectDependencies) = postProject
		{03050939-3AA0-39E3-A68C-A51FCA6C1AFF} = {03050939-3AA0-39E3-A68C-A51FCA6C1AFF}
	EndProjectSection
EndProject
Project("{8BC9CEB8-8B4A-11D0-8D11-00A0C91BC942}") = "libtorch_module_minimal_tests", "libtorch_module_minimal_tests.vcxproj", "{1E38D571-6FAB-395D-9EB8-2785908BC312}"
	ProjectSection(ProjectDependencies) = postProject
		{03050939-3AA0-39E3-A68C-A51FCA6C1AFF} = {03050939-3AA0-39E3-A68C-A51FCA6C1AFF}
	EndProjectSection
EndProject
Project("{8BC9CEB8-8B4A-11D0-8D11-00A0C91BC942}") = "libtorch_module_segmentation_stage_tests", "libtorch_module_segmentation_stage_tests.vcxproj", "{F357AB26-3354-34DB-BC30-0849DDAEAD1C}"
	ProjectSection(ProjectDependencies) = postProject
		{03050939-3AA0-39E3-A68C-A51FCA6C1AFF} = {03050939-3AA0-39E3-A68C-A51FCA6C1AFF}
	EndProjectSection
EndProject
Global
	GlobalSection(SolutionConfigurationPlatforms) = preSolution
		Debug|x64 = Debug|x64
		Release|x64 = Release|x64
		MinSizeRel|x64 = MinSizeRel|x64
		RelWithDebInfo|x64 = RelWithDebInfo|x64
	EndGlobalSection
	GlobalSection(ProjectConfigurationPlatforms) = postSolution
		{CBC7D7C4-E51B-3FFB-8CB7-FD8E2D9FA4D1}.Debug|x64.ActiveCfg = Debug|x64
		{CBC7D7C4-E51B-3FFB-8CB7-FD8E2D9FA4D1}.Release|x64.ActiveCfg = Release|x64
		{CBC7D7C4-E51B-3FFB-8CB7-FD8E2D9FA4D1}.MinSizeRel|x64.ActiveCfg = MinSizeRel|x64
		{CBC7D7C4-E51B-3FFB-8CB7-FD8E2D9FA4D1}.RelWithDebInfo|x64.ActiveCfg = RelWithDebInfo|x64
		{AEDAA5AC-B03E-3511-A433-1CFB0E72FC4D}.Debug|x64.ActiveCfg = Debug|x64
		{AEDAA5AC-B03E-3511-A433-1CFB0E72FC4D}.Release|x64.ActiveCfg = Release|x64
		{AEDAA5AC-B03E-3511-A433-1CFB0E72FC4D}.MinSizeRel|x64.ActiveCfg = MinSizeRel|x64
		{AEDAA5AC-B03E-3511-A433-1CFB0E72FC4D}.RelWithDebInfo|x64.ActiveCfg = RelWithDebInfo|x64
		{03050939-3AA0-39E3-A68C-A51FCA6C1AFF}.Debug|x64.ActiveCfg = Debug|x64
		{03050939-3AA0-39E3-A68C-A51FCA6C1AFF}.Debug|x64.Build.0 = Debug|x64
		{03050939-3AA0-39E3-A68C-A51FCA6C1AFF}.Release|x64.ActiveCfg = Release|x64
		{03050939-3AA0-39E3-A68C-A51FCA6C1AFF}.Release|x64.Build.0 = Release|x64
		{03050939-3AA0-39E3-A68C-A51FCA6C1AFF}.MinSizeRel|x64.ActiveCfg = MinSizeRel|x64
		{03050939-3AA0-39E3-A68C-A51FCA6C1AFF}.MinSizeRel|x64.Build.0 = MinSizeRel|x64
		{03050939-3AA0-39E3-A68C-A51FCA6C1AFF}.RelWithDebInfo|x64.ActiveCfg = RelWithDebInfo|x64
		{03050939-3AA0-39E3-A68C-A51FCA6C1AFF}.RelWithDebInfo|x64.Build.0 = RelWithDebInfo|x64
		{06326447-A1C6-3847-88F0-DACE8224C8C4}.Debug|x64.ActiveCfg = Debug|x64
		{06326447-A1C6-3847-88F0-DACE8224C8C4}.Debug|x64.Build.0 = Debug|x64
		{06326447-A1C6-3847-88F0-DACE8224C8C4}.Release|x64.ActiveCfg = Release|x64
		{06326447-A1C6-3847-88F0-DACE8224C8C4}.Release|x64.Build.0 = Release|x64
		{06326447-A1C6-3847-88F0-DACE8224C8C4}.MinSizeRel|x64.ActiveCfg = MinSizeRel|x64
		{06326447-A1C6-3847-88F0-DACE8224C8C4}.MinSizeRel|x64.Build.0 = MinSizeRel|x64
		{06326447-A1C6-3847-88F0-DACE8224C8C4}.RelWithDebInfo|x64.ActiveCfg = RelWithDebInfo|x64
		{06326447-A1C6-3847-88F0-DACE8224C8C4}.RelWithDebInfo|x64.Build.0 = RelWithDebInfo|x64
		{1E38D571-6FAB-395D-9EB8-2785908BC312}.Debug|x64.ActiveCfg = Debug|x64
		{1E38D571-6FAB-395D-9EB8-2785908BC312}.Debug|x64.Build.0 = Debug|x64
		{1E38D571-6FAB-395D-9EB8-2785908BC312}.Release|x64.ActiveCfg = Release|x64
		{1E38D571-6FAB-395D-9EB8-2785908BC312}.Release|x64.Build.0 = Release|x64
		{1E38D571-6FAB-395D-9EB8-2785908BC312}.MinSizeRel|x64.ActiveCfg = MinSizeRel|x64
		{1E38D571-6FAB-395D-9EB8-2785908BC312}.MinSizeRel|x64.Build.0 = MinSizeRel|x64
		{1E38D571-6FAB-395D-9EB8-2785908BC312}.RelWithDebInfo|x64.ActiveCfg = RelWithDebInfo|x64
		{1E38D571-6FAB-395D-9EB8-2785908BC312}.RelWithDebInfo|x64.Build.0 = RelWithDebInfo|x64
		{F357AB26-3354-34DB-BC30-0849DDAEAD1C}.Debug|x64.ActiveCfg = Debug|x64
		{F357AB26-3354-34DB-BC30-0849DDAEAD1C}.Debug|x64.Build.0 = Debug|x64
		{F357AB26-3354-34DB-BC30-0849DDAEAD1C}.Release|x64.ActiveCfg = Release|x64
		{F357AB26-3354-34DB-BC30-0849DDAEAD1C}.Release|x64.Build.0 = Release|x64
		{F357AB26-3354-34DB-BC30-0849DDAEAD1C}.MinSizeRel|x64.ActiveCfg = MinSizeRel|x64
		{F357AB26-3354-34DB-BC30-0849DDAEAD1C}.MinSizeRel|x64.Build.0 = MinSizeRel|x64
		{F357AB26-3354-34DB-BC30-0849DDAEAD1C}.RelWithDebInfo|x64.ActiveCfg = RelWithDebInfo|x64
		{F357AB26-3354-34DB-BC30-0849DDAEAD1C}.RelWithDebInfo|x64.Build.0 = RelWithDebInfo|x64
	EndGlobalSection
	GlobalSection(ExtensibilityGlobals) = postSolution
		SolutionGuid = {BAD9A942-102F-359C-A2DD-9804FD7DA817}
	EndGlobalSection
	GlobalSection(ExtensibilityAddIns) = postSolution
	EndGlobalSection
EndGlobal
