<?xml version="1.0" encoding="utf-8"?>
<Project ToolsVersion="17.0" xmlns="http://schemas.microsoft.com/developer/msbuild/2003">
  <ItemGroup>
    <ClCompile Include="D:\Codex-WorkDir\Sean_WorkDir\cxvisionai\cxvision_repo\libtorch_module\torch_minimal_smoke.cpp">
      <Filter>Source Files</Filter>
    </ClCompile>
  </ItemGroup>
  <ItemGroup>
    <CustomBuild Include="D:\Codex-WorkDir\Sean_WorkDir\cxvisionai\cxvision_repo\libtorch_module\CMakeLists.txt" />
  </ItemGroup>
  <ItemGroup>
    <Filter Include="Source Files">
      <UniqueIdentifier>{38C18A37-69D7-30E8-AC22-EDA470AC3BD9}</UniqueIdentifier>
    </Filter>
  </ItemGroup>
</Project>
