<?xml version="1.0" encoding="utf-8"?>
<Project ToolsVersion="17.0" xmlns="http://schemas.microsoft.com/developer/msbuild/2003">
  <ItemGroup>
    <CustomBuild Include="D:\Codex-WorkDir\Sean_WorkDir\cxvisionai\cxvision_repo\torchbuild\CMakeFiles\3b2d5367e780157a308cfa6563fefa9a\generate.stamp.rule">
      <Filter>CMake Rules</Filter>
    </CustomBuild>
  </ItemGroup>
  <ItemGroup>
    <Filter Include="CMake Rules">
      <UniqueIdentifier>{772CC2C8-CA5B-3C0D-8B5B-BD7356337F13}</UniqueIdentifier>
    </Filter>
  </ItemGroup>
</Project>
